// !$*UTF8*$!
{
	archiveVersion = 1;
	classes = {
	};
	objectVersion = 50;
	objects = {

/* Begin PBXBuildFile section */
		8AFA686625285CD60042A097 /* AppDelegate.swift in Sources */ = {isa = PBXBuildFile; fileRef = 8AFA686525285CD60042A097 /* AppDelegate.swift */; };
		8AFA686825285CD60042A097 /* Assets.xcassets in Resources */ = {isa = PBXBuildFile; fileRef = 8AFA686725285CD60042A097 /* Assets.xcassets */; };
		8AFA686B25285CD60042A097 /* MainMenu.xib in Resources */ = {isa = PBXBuildFile; fileRef = 8AFA686925285CD60042A097 /* MainMenu.xib */; };
		8AFA687725285CD70042A097 /* CliptubeTests.swift in Sources */ = {isa = PBXBuildFile; fileRef = 8AFA687625285CD70042A097 /* CliptubeTests.swift */; };
		8AFA688225285CD70042A097 /* CliptubeUITests.swift in Sources */ = {isa = PBXBuildFile; fileRef = 8AFA688125285CD70042A097 /* CliptubeUITests.swift */; };
/* End PBXBuildFile section */

/* Begin PBXContainerItemProxy section */
		8AFA687325285CD70042A097 /* PBXContainerItemProxy */ = {
			isa = PBXContainerItemProxy;
			containerPortal = 8AFA685A25285CD60042A097 /* Project object */;
			proxyType = 1;
			remoteGlobalIDString = 8AFA686125285CD60042A097;
			remoteInfo = Cliptube;
		};
		8AFA687E25285CD70042A097 /* PBXContainerItemProxy */ = {
			isa = PBXContainerItemProxy;
			containerPortal = 8AFA685A25285CD60042A097 /* Project object */;
			proxyType = 1;
			remoteGlobalIDString = 8AFA686125285CD60042A097;
			remoteInfo = Cliptube;
		};
/* End PBXContainerItemProxy section */

/* Begin PBXFileReference section */
		8AFA686225285CD60042A097 /* Cliptube.app */ = {isa = PBXFileReference; explicitFileType = wrapper.application; includeInIndex = 0; path = Cliptube.app; sourceTree = BUILT_PRODUCTS_DIR; };
		8AFA686525285CD60042A097 /* AppDelegate.swift */ = {isa = PBXFileReference; lastKnownFileType = sourcecode.swift; path = AppDelegate.swift; sourceTree = "<group>"; };
		8AFA686725285CD60042A097 /* Assets.xcassets */ = {isa = PBXFileReference; lastKnownFileType = folder.assetcatalog; path = Assets.xcassets; sourceTree = "<group>"; };
		8AFA686A25285CD60042A097 /* Base */ = {isa = PBXFileReference; lastKnownFileType = file.xib; name = Base; path = Base.lproj/MainMenu.xib; sourceTree = "<group>"; };
		8AFA686C25285CD60042A097 /* Info.plist */ = {isa = PBXFileReference; lastKnownFileType = text.plist.xml; path = Info.plist; sourceTree = "<group>"; };
		8AFA686D25285CD60042A097 /* Cliptube.entitlements */ = {isa = PBXFileReference; lastKnownFileType = text.plist.entitlements; path = Cliptube.entitlements; sourceTree = "<group>"; };
		8AFA687225285CD70042A097 /* CliptubeTests.xctest */ = {isa = PBXFileReference; explicitFileType = wrapper.cfbundle; includeInIndex = 0; path = CliptubeTests.xctest; sourceTree = BUILT_PRODUCTS_DIR; };
		8AFA687625285CD70042A097 /* CliptubeTests.swift */ = {isa = PBXFileReference; lastKnownFileType = sourcecode.swift; path = CliptubeTests.swift; sourceTree = "<group>"; };
		8AFA687825285CD70042A097 /* Info.plist */ = {isa = PBXFileReference; lastKnownFileType = text.plist.xml; path = Info.plist; sourceTree = "<group>"; };
		8AFA687D25285CD70042A097 /* CliptubeUITests.xctest */ = {isa = PBXFileReference; explicitFileType = wrapper.cfbundle; includeInIndex = 0; path = CliptubeUITests.xctest; sourceTree = BUILT_PRODUCTS_DIR; };
		8AFA688125285CD70042A097 /* CliptubeUITests.swift */ = {isa = PBXFileReference; lastKnownFileType = sourcecode.swift; path = CliptubeUITests.swift; sourceTree = "<group>"; };
		8AFA688325285CD70042A097 /* Info.plist */ = {isa = PBXFileReference; lastKnownFileType = text.plist.xml; path = Info.plist; sourceTree = "<group>"; };
/* End PBXFileReference section */

/* Begin PBXFrameworksBuildPhase section */
		8AFA685F25285CD60042A097 /* Frameworks */ = {
			isa = PBXFrameworksBuildPhase;
			buildActionMask = 2147483647;
			files = (
			);
			runOnlyForDeploymentPostprocessing = 0;
		};
		8AFA686F25285CD70042A097 /* Frameworks */ = {
			isa = PBXFrameworksBuildPhase;
			buildActionMask = 2147483647;
			files = (
			);
			runOnlyForDeploymentPostprocessing = 0;
		};
		8AFA687A25285CD70042A097 /* Frameworks */ = {
			isa = PBXFrameworksBuildPhase;
			buildActionMask = 2147483647;
			files = (
			);
			runOnlyForDeploymentPostprocessing = 0;
		};
/* End PBXFrameworksBuildPhase section */

/* Begin PBXGroup section */
		8AFA685925285CD60042A097 = {
			isa = PBXGroup;
			children = (
				8AFA686425285CD60042A097 /* Cliptube */,
				8AFA687525285CD70042A097 /* CliptubeTests */,
				8AFA688025285CD70042A097 /* CliptubeUITests */,
				8AFA686325285CD60042A097 /* Products */,
			);
			sourceTree = "<group>";
		};
		8AFA686325285CD60042A097 /* Products */ = {
			isa = PBXGroup;
			children = (
				8AFA686225285CD60042A097 /* Cliptube.app */,
				8AFA687225285CD70042A097 /* CliptubeTests.xctest */,
				8AFA687D25285CD70042A097 /* CliptubeUITests.xctest */,
			);
			name = Products;
			sourceTree = "<group>";
		};
		8AFA686425285CD60042A097 /* Cliptube */ = {
			isa = PBXGroup;
			children = (
				8AFA686525285CD60042A097 /* AppDelegate.swift */,
				8AFA686725285CD60042A097 /* Assets.xcassets */,
				8AFA686925285CD60042A097 /* MainMenu.xib */,
				8AFA686C25285CD60042A097 /* Info.plist */,
				8AFA686D25285CD60042A097 /* Cliptube.entitlements */,
			);
			path = Cliptube;
			sourceTree = "<group>";
		};
		8AFA687525285CD70042A097 /* CliptubeTests */ = {
			isa = PBXGroup;
			children = (
				8AFA687625285CD70042A097 /* CliptubeTests.swift */,
				8AFA687825285CD70042A097 /* Info.plist */,
			);
			path = CliptubeTests;
			sourceTree = "<group>";
		};
		8AFA688025285CD70042A097 /* CliptubeUITests */ = {
			isa = PBXGroup;
			children = (
				8AFA688125285CD70042A097 /* CliptubeUITests.swift */,
				8AFA688325285CD70042A097 /* Info.plist */,
			);
			path = CliptubeUITests;
			sourceTree = "<group>";
		};
/* End PBXGroup section */

/* Begin PBXNativeTarget section */
		8AFA686125285CD60042A097 /* Cliptube */ = {
			isa = PBXNativeTarget;
			buildConfigurationList = 8AFA688625285CD70042A097 /* Build configuration list for PBXNativeTarget "Cliptube" */;
			buildPhases = (
				8AFA685E25285CD60042A097 /* Sources */,
				8AFA685F25285CD60042A097 /* Frameworks */,
				8AFA686025285CD60042A097 /* Resources */,
			);
			buildRules = (
			);
			dependencies = (
			);
			name = Cliptube;
			productName = Cliptube;
			productReference = 8AFA686225285CD60042A097 /* Cliptube.app */;
			productType = "com.apple.product-type.application";
		};
		8AFA687125285CD70042A097 /* CliptubeTests */ = {
			isa = PBXNativeTarget;
			buildConfigurationList = 8AFA688925285CD70042A097 /* Build configuration list for PBXNativeTarget "CliptubeTests" */;
			buildPhases = (
				8AFA686E25285CD70042A097 /* Sources */,
				8AFA686F25285CD70042A097 /* Frameworks */,
				8AFA687025285CD70042A097 /* Resources */,
			);
			buildRules = (
			);
			dependencies = (
				8AFA687425285CD70042A097 /* PBXTargetDependency */,
			);
			name = CliptubeTests;
			productName = CliptubeTests;
			productReference = 8AFA687225285CD70042A097 /* CliptubeTests.xctest */;
			productType = "com.apple.product-type.bundle.unit-test";
		};
		8AFA687C25285CD70042A097 /* CliptubeUITests */ = {
			isa = PBXNativeTarget;
			buildConfigurationList = 8AFA688C25285CD70042A097 /* Build configuration list for PBXNativeTarget "CliptubeUITests" */;
			buildPhases = (
				8AFA687925285CD70042A097 /* Sources */,
				8AFA687A25285CD70042A097 /* Frameworks */,
				8AFA687B25285CD70042A097 /* Resources */,
			);
			buildRules = (
			);
			dependencies = (
				8AFA687F25285CD70042A097 /* PBXTargetDependency */,
			);
			name = CliptubeUITests;
			productName = CliptubeUITests;
			productReference = 8AFA687D25285CD70042A097 /* CliptubeUITests.xctest */;
			productType = "com.apple.product-type.bundle.ui-testing";
		};
/* End PBXNativeTarget section */

/* Begin PBXProject section */
		8AFA685A25285CD60042A097 /* Project object */ = {
			isa = PBXProject;
			attributes = {
				LastSwiftUpdateCheck = 1200;
				LastUpgradeCheck = 1200;
				TargetAttributes = {
					8AFA686125285CD60042A097 = {
						CreatedOnToolsVersion = 12.0.1;
					};
					8AFA687125285CD70042A097 = {
						CreatedOnToolsVersion = 12.0.1;
						TestTargetID = 8AFA686125285CD60042A097;
					};
					8AFA687C25285CD70042A097 = {
						CreatedOnToolsVersion = 12.0.1;
						TestTargetID = 8AFA686125285CD60042A097;
					};
				};
			};
			buildConfigurationList = 8AFA685D25285CD60042A097 /* Build configuration list for PBXProject "Cliptube" */;
			compatibilityVersion = "Xcode 9.3";
			developmentRegion = en;
			hasScannedForEncodings = 0;
			knownRegions = (
				en,
				Base,
			);
			mainGroup = 8AFA685925285CD60042A097;
			productRefGroup = 8AFA686325285CD60042A097 /* Products */;
			projectDirPath = "";
			projectRoot = "";
			targets = (
				8AFA686125285CD60042A097 /* Cliptube */,
				8AFA687125285CD70042A097 /* CliptubeTests */,
				8AFA687C25285CD70042A097 /* CliptubeUITests */,
			);
		};
/* End PBXProject section */

/* Begin PBXResourcesBuildPhase section */
		8AFA686025285CD60042A097 /* Resources */ = {
			isa = PBXResourcesBuildPhase;
			buildActionMask = 2147483647;
			files = (
				8AFA686825285CD60042A097 /* Assets.xcassets in Resources */,
				8AFA686B25285CD60042A097 /* MainMenu.xib in Resources */,
			);
			runOnlyForDeploymentPostprocessing = 0;
		};
		8AFA687025285CD70042A097 /* Resources */ = {
			isa = PBXResourcesBuildPhase;
			buildActionMask = 2147483647;
			files = (
			);
			runOnlyForDeploymentPostprocessing = 0;
		};
		8AFA687B25285CD70042A097 /* Resources */ = {
			isa = PBXResourcesBuildPhase;
			buildActionMask = 2147483647;
			files = (
			);
			runOnlyForDeploymentPostprocessing = 0;
		};
/* End PBXResourcesBuildPhase section */

/* Begin PBXSourcesBuildPhase section */
		8AFA685E25285CD60042A097 /* Sources */ = {
			isa = PBXSourcesBuildPhase;
			buildActionMask = 2147483647;
			files = (
				8AFA686625285CD60042A097 /* AppDelegate.swift in Sources */,
			);
			runOnlyForDeploymentPostprocessing = 0;
		};
		8AFA686E25285CD70042A097 /* Sources */ = {
			isa = PBXSourcesBuildPhase;
			buildActionMask = 2147483647;
			files = (
				8AFA687725285CD70042A097 /* CliptubeTests.swift in Sources */,
			);
			runOnlyForDeploymentPostprocessing = 0;
		};
		8AFA687925285CD70042A097 /* Sources */ = {
			isa = PBXSourcesBuildPhase;
			buildActionMask = 2147483647;
			files = (
				8AFA688225285CD70042A097 /* CliptubeUITests.swift in Sources */,
			);
			runOnlyForDeploymentPostprocessing = 0;
		};
/* End PBXSourcesBuildPhase section */

/* Begin PBXTargetDependency section */
		8AFA687425285CD70042A097 /* PBXTargetDependency */ = {
			isa = PBXTargetDependency;
			target = 8AFA686125285CD60042A097 /* Cliptube */;
			targetProxy = 8AFA687325285CD70042A097 /* PBXContainerItemProxy */;
		};
		8AFA687F25285CD70042A097 /* PBXTargetDependency */ = {
			isa = PBXTargetDependency;
			target = 8AFA686125285CD60042A097 /* Cliptube */;
			targetProxy = 8AFA687E25285CD70042A097 /* PBXContainerItemProxy */;
		};
/* End PBXTargetDependency section */

/* Begin PBXVariantGroup section */
		8AFA686925285CD60042A097 /* MainMenu.xib */ = {
			isa = PBXVariantGroup;
			children = (
				8AFA686A25285CD60042A097 /* Base */,
			);
			name = MainMenu.xib;
			sourceTree = "<group>";
		};
/* End PBXVariantGroup section */

/* Begin XCBuildConfiguration section */
		8AFA688425285CD70042A097 /* Debug */ = {
			isa = XCBuildConfiguration;
			buildSettings = {
				ALWAYS_SEARCH_USER_PATHS = NO;
				CLANG_ANALYZER_NONNULL = YES;
				CLANG_ANALYZER_NUMBER_OBJECT_CONVERSION = YES_AGGRESSIVE;
				CLANG_CXX_LANGUAGE_STANDARD = "gnu++14";
				CLANG_CXX_LIBRARY = "libc++";
				CLANG_ENABLE_MODULES = YES;
				CLANG_ENABLE_OBJC_ARC = YES;
				CLANG_ENABLE_OBJC_WEAK = YES;
				CLANG_WARN_BLOCK_CAPTURE_AUTORELEASING = YES;
				CLANG_WARN_BOOL_CONVERSION = YES;
				CLANG_WARN_COMMA = YES;
				CLANG_WARN_CONSTANT_CONVERSION = YES;
				CLANG_WARN_DEPRECATED_OBJC_IMPLEMENTATIONS = YES;
				CLANG_WARN_DIRECT_OBJC_ISA_USAGE = YES_ERROR;
				CLANG_WARN_DOCUMENTATION_COMMENTS = YES;
				CLANG_WARN_EMPTY_BODY = YES;
				CLANG_WARN_ENUM_CONVERSION = YES;
				CLANG_WARN_INFINITE_RECURSION = YES;
				CLANG_WARN_INT_CONVERSION = YES;
				CLANG_WARN_NON_LITERAL_NULL_CONVERSION = YES;
				CLANG_WARN_OBJC_IMPLICIT_RETAIN_SELF = YES;
				CLANG_WARN_OBJC_LITERAL_CONVERSION = YES;
				CLANG_WARN_OBJC_ROOT_CLASS = YES_ERROR;
				CLANG_WARN_QUOTED_INCLUDE_IN_FRAMEWORK_HEADER = YES;
				CLANG_WARN_RANGE_LOOP_ANALYSIS = YES;
				CLANG_WARN_STRICT_PROTOTYPES = YES;
				CLANG_WARN_SUSPICIOUS_MOVE = YES;
				CLANG_WARN_UNGUARDED_AVAILABILITY = YES_AGGRESSIVE;
				CLANG_WARN_UNREACHABLE_CODE = YES;
				CLANG_WARN__DUPLICATE_METHOD_MATCH = YES;
				COPY_PHASE_STRIP = NO;
				DEBUG_INFORMATION_FORMAT = dwarf;
				ENABLE_STRICT_OBJC_MSGSEND = YES;
				ENABLE_TESTABILITY = YES;
				GCC_C_LANGUAGE_STANDARD = gnu11;
				GCC_DYNAMIC_NO_PIC = NO;
				GCC_NO_COMMON_BLOCKS = YES;
				GCC_OPTIMIZATION_LEVEL = 0;
				GCC_PREPROCESSOR_DEFINITIONS = (
					"DEBUG=1",
					"$(inherited)",
				);
				GCC_WARN_64_TO_32_BIT_CONVERSION = YES;
				GCC_WARN_ABOUT_RETURN_TYPE = YES_ERROR;
				GCC_WARN_UNDECLARED_SELECTOR = YES;
				GCC_WARN_UNINITIALIZED_AUTOS = YES_AGGRESSIVE;
				GCC_WARN_UNUSED_FUNCTION = YES;
				GCC_WARN_UNUSED_VARIABLE = YES;
				MACOSX_DEPLOYMENT_TARGET = 10.15;
				MTL_ENABLE_DEBUG_INFO = INCLUDE_SOURCE;
				MTL_FAST_MATH = YES;
				ONLY_ACTIVE_ARCH = YES;
				SDKROOT = macosx;
				SWIFT_ACTIVE_COMPILATION_CONDITIONS = DEBUG;
				SWIFT_OPTIMIZATION_LEVEL = "-Onone";
			};
			name = Debug;
		};
		8AFA688525285CD70042A097 /* Release */ = {
			isa = XCBuildConfiguration;
			buildSettings = {
				ALWAYS_SEARCH_USER_PATHS = NO;
				CLANG_ANALYZER_NONNULL = YES;
				CLANG_ANALYZER_NUMBER_OBJECT_CONVERSION = YES_AGGRESSIVE;
				CLANG_CXX_LANGUAGE_STANDARD = "gnu++14";
				CLANG_CXX_LIBRARY = "libc++";
				CLANG_ENABLE_MODULES = YES;
				CLANG_ENABLE_OBJC_ARC = YES;
				CLANG_ENABLE_OBJC_WEAK = YES;
				CLANG_WARN_BLOCK_CAPTURE_AUTORELEASING = YES;
				CLANG_WARN_BOOL_CONVERSION = YES;
				CLANG_WARN_COMMA = YES;
				CLANG_WARN_CONSTANT_CONVERSION = YES;
				CLANG_WARN_DEPRECATED_OBJC_IMPLEMENTATIONS = YES;
				CLANG_WARN_DIRECT_OBJC_ISA_USAGE = YES_ERROR;
				CLANG_WARN_DOCUMENTATION_COMMENTS = YES;
				CLANG_WARN_EMPTY_BODY = YES;
				CLANG_WARN_ENUM_CONVERSION = YES;
				CLANG_WARN_INFINITE_RECURSION = YES;
				CLANG_WARN_INT_CONVERSION = YES;
				CLANG_WARN_NON_LITERAL_NULL_CONVERSION = YES;
				CLANG_WARN_OBJC_IMPLICIT_RETAIN_SELF = YES;
				CLANG_WARN_OBJC_LITERAL_CONVERSION = YES;
				CLANG_WARN_OBJC_ROOT_CLASS = YES_ERROR;
				CLANG_WARN_QUOTED_INCLUDE_IN_FRAMEWORK_HEADER = YES;
				CLANG_WARN_RANGE_LOOP_ANALYSIS = YES;
				CLANG_WARN_STRICT_PROTOTYPES = YES;
				CLANG_WARN_SUSPICIOUS_MOVE = YES;
				CLANG_WARN_UNGUARDED_AVAILABILITY = YES_AGGRESSIVE;
				CLANG_WARN_UNREACHABLE_CODE = YES;
				CLANG_WARN__DUPLICATE_METHOD_MATCH = YES;
				COPY_PHASE_STRIP = NO;
				DEBUG_INFORMATION_FORMAT = "dwarf-with-dsym";
				ENABLE_NS_ASSERTIONS = NO;
				ENABLE_STRICT_OBJC_MSGSEND = YES;
				GCC_C_LANGUAGE_STANDARD = gnu11;
				GCC_NO_COMMON_BLOCKS = YES;
				GCC_WARN_64_TO_32_BIT_CONVERSION = YES;
				GCC_WARN_ABOUT_RETURN_TYPE = YES_ERROR;
				GCC_WARN_UNDECLARED_SELECTOR = YES;
				GCC_WARN_UNINITIALIZED_AUTOS = YES_AGGRESSIVE;
				GCC_WARN_UNUSED_FUNCTION = YES;
				GCC_WARN_UNUSED_VARIABLE = YES;
				MACOSX_DEPLOYMENT_TARGET = 10.15;
				MTL_ENABLE_DEBUG_INFO = NO;
				MTL_FAST_MATH = YES;
				SDKROOT = macosx;
				SWIFT_COMPILATION_MODE = wholemodule;
				SWIFT_OPTIMIZATION_LEVEL = "-O";
			};
			name = Release;
		};
		8AFA688725285CD70042A097 /* Debug */ = {
			isa = XCBuildConfiguration;
			buildSettings = {
				ASSETCATALOG_COMPILER_APPICON_NAME = AppIcon;
				ASSETCATALOG_COMPILER_GLOBAL_ACCENT_COLOR_NAME = AccentColor;
				CODE_SIGN_ENTITLEMENTS = Cliptube/Cliptube.entitlements;
				CODE_SIGN_STYLE = Automatic;
				COMBINE_HIDPI_IMAGES = YES;
				DEVELOPMENT_TEAM = 785W67QY73;
				ENABLE_HARDENED_RUNTIME = YES;
				INFOPLIST_FILE = Cliptube/Info.plist;
				LD_RUNPATH_SEARCH_PATHS = (
					"$(inherited)",
					"@executable_path/../Frameworks",
				);
				PRODUCT_BUNDLE_IDENTIFIER = de.maven.Cliptube;
				PRODUCT_NAME = "$(TARGET_NAME)";
				SWIFT_VERSION = 5.0;
			};
			name = Debug;
		};
		8AFA688825285CD70042A097 /* Release */ = {
			isa = XCBuildConfiguration;
			buildSettings = {
				ASSETCATALOG_COMPILER_APPICON_NAME = AppIcon;
				ASSETCATALOG_COMPILER_GLOBAL_ACCENT_COLOR_NAME = AccentColor;
				CODE_SIGN_ENTITLEMENTS = Cliptube/Cliptube.entitlements;
				CODE_SIGN_STYLE = Automatic;
				COMBINE_HIDPI_IMAGES = YES;
				DEVELOPMENT_TEAM = 785W67QY73;
				ENABLE_HARDENED_RUNTIME = YES;
				INFOPLIST_FILE = Cliptube/Info.plist;
				LD_RUNPATH_SEARCH_PATHS = (
					"$(inherited)",
					"@executable_path/../Frameworks",
				);
				PRODUCT_BUNDLE_IDENTIFIER = de.maven.Cliptube;
				PRODUCT_NAME = "$(TARGET_NAME)";
				SWIFT_VERSION = 5.0;
			};
			name = Release;
		};
		8AFA688A25285CD70042A097 /* Debug */ = {
			isa = XCBuildConfiguration;
			buildSettings = {
				ALWAYS_EMBED_SWIFT_STANDARD_LIBRARIES = YES;
				BUNDLE_LOADER = "$(TEST_HOST)";
				CODE_SIGN_STYLE = Automatic;
				COMBINE_HIDPI_IMAGES = YES;
				DEVELOPMENT_TEAM = 785W67QY73;
				INFOPLIST_FILE = CliptubeTests/Info.plist;
				LD_RUNPATH_SEARCH_PATHS = (
					"$(inherited)",
					"@executable_path/../Frameworks",
					"@loader_path/../Frameworks",
				);
				MACOSX_DEPLOYMENT_TARGET = 10.15;
				PRODUCT_BUNDLE_IDENTIFIER = de.maven.CliptubeTests;
				PRODUCT_NAME = "$(TARGET_NAME)";
				SWIFT_VERSION = 5.0;
				TEST_HOST = "$(BUILT_PRODUCTS_DIR)/Cliptube.app/Contents/MacOS/Cliptube";
			};
			name = Debug;
		};
		8AFA688B25285CD70042A097 /* Release */ = {
			isa = XCBuildConfiguration;
			buildSettings = {
				ALWAYS_EMBED_SWIFT_STANDARD_LIBRARIES = YES;
				BUNDLE_LOADER = "$(TEST_HOST)";
				CODE_SIGN_STYLE = Automatic;
				COMBINE_HIDPI_IMAGES = YES;
				DEVELOPMENT_TEAM = 785W67QY73;
				INFOPLIST_FILE = CliptubeTests/Info.plist;
				LD_RUNPATH_SEARCH_PATHS = (
					"$(inherited)",
					"@executable_path/../Frameworks",
					"@loader_path/../Frameworks",
				);
				MACOSX_DEPLOYMENT_TARGET = 10.15;
				PRODUCT_BUNDLE_IDENTIFIER = de.maven.CliptubeTests;
				PRODUCT_NAME = "$(TARGET_NAME)";
				SWIFT_VERSION = 5.0;
				TEST_HOST = "$(BUILT_PRODUCTS_DIR)/Cliptube.app/Contents/MacOS/Cliptube";
			};
			name = Release;
		};
		8AFA688D25285CD70042A097 /* Debug */ = {
			isa = XCBuildConfiguration;
			buildSettings = {
				ALWAYS_EMBED_SWIFT_STANDARD_LIBRARIES = YES;
				CODE_SIGN_STYLE = Automatic;
				COMBINE_HIDPI_IMAGES = YES;
				DEVELOPMENT_TEAM = 785W67QY73;
				INFOPLIST_FILE = CliptubeUITests/Info.plist;
				LD_RUNPATH_SEARCH_PATHS = (
					"$(inherited)",
					"@executable_path/../Frameworks",
					"@loader_path/../Frameworks",
				);
				PRODUCT_BUNDLE_IDENTIFIER = de.maven.CliptubeUITests;
				PRODUCT_NAME = "$(TARGET_NAME)";
				SWIFT_VERSION = 5.0;
				TEST_TARGET_NAME = Cliptube;
			};
			name = Debug;
		};
		8AFA688E25285CD70042A097 /* Release */ = {
			isa = XCBuildConfiguration;
			buildSettings = {
				ALWAYS_EMBED_SWIFT_STANDARD_LIBRARIES = YES;
				CODE_SIGN_STYLE = Automatic;
				COMBINE_HIDPI_IMAGES = YES;
				DEVELOPMENT_TEAM = 785W67QY73;
				INFOPLIST_FILE = CliptubeUITests/Info.plist;
				LD_RUNPATH_SEARCH_PATHS = (
					"$(inherited)",
					"@executable_path/../Frameworks",
					"@loader_path/../Frameworks",
				);
				PRODUCT_BUNDLE_IDENTIFIER = de.maven.CliptubeUITests;
				PRODUCT_NAME = "$(TARGET_NAME)";
				SWIFT_VERSION = 5.0;
				TEST_TARGET_NAME = Cliptube;
			};
			name = Release;
		};
/* End XCBuildConfiguration section */

/* Begin XCConfigurationList section */
		8AFA685D25285CD60042A097 /* Build configuration list for PBXProject "Cliptube" */ = {
			isa = XCConfigurationList;
			buildConfigurations = (
				8AFA688425285CD70042A097 /* Debug */,
				8AFA688525285CD70042A097 /* Release */,
			);
			defaultConfigurationIsVisible = 0;
			defaultConfigurationName = Release;
		};
		8AFA688625285CD70042A097 /* Build configuration list for PBXNativeTarget "Cliptube" */ = {
			isa = XCConfigurationList;
			buildConfigurations = (
				8AFA688725285CD70042A097 /* Debug */,
				8AFA688825285CD70042A097 /* Release */,
			);
			defaultConfigurationIsVisible = 0;
			defaultConfigurationName = Release;
		};
		8AFA688925285CD70042A097 /* Build configuration list for PBXNativeTarget "CliptubeTests" */ = {
			isa = XCConfigurationList;
			buildConfigurations = (
				8AFA688A25285CD70042A097 /* Debug */,
				8AFA688B25285CD70042A097 /* Release */,
			);
			defaultConfigurationIsVisible = 0;
			defaultConfigurationName = Release;
		};
		8AFA688C25285CD70042A097 /* Build configuration list for PBXNativeTarget "CliptubeUITests" */ = {
			isa = XCConfigurationList;
			buildConfigurations = (
				8AFA688D25285CD70042A097 /* Debug */,
				8AFA688E25285CD70042A097 /* Release */,
			);
			defaultConfigurationIsVisible = 0;
			defaultConfigurationName = Release;
		};
/* End XCConfigurationList section */
	};
	rootObject = 8AFA685A25285CD60042A097 /* Project object */;
}
