// !$*UTF8*$!
{
	archiveVersion = 1;
	classes = {
	};
	objectVersion = 52;
	objects = {

/* Begin PBXBuildFile section */
		8A7D867A252BC14A00069CF3 /* AVKit.framework in Frameworks */ = {isa = PBXBuildFile; fileRef = 8A7D8675252BC13800069CF3 /* AVKit.framework */; };
		8ACFF3F7252B8135007B2FB4 /* AppDelegate.swift in Sources */ = {isa = PBXBuildFile; fileRef = 8ACFF3F6252B8135007B2FB4 /* AppDelegate.swift */; };
		8ACFF3F9252B8135007B2FB4 /* Document.swift in Sources */ = {isa = PBXBuildFile; fileRef = 8ACFF3F8252B8135007B2FB4 /* Document.swift */; };
		8ACFF3FC252B8135007B2FB4 /* DocumentView.xib in Resources */ = {isa = PBXBuildFile; fileRef = 8ACFF3FA252B8135007B2FB4 /* DocumentView.xib */; };
		8ACFF3FE252B8136007B2FB4 /* Assets.xcassets in Resources */ = {isa = PBXBuildFile; fileRef = 8ACFF3FD252B8136007B2FB4 /* Assets.xcassets */; };
		8ACFF401252B8136007B2FB4 /* MainMenu.xib in Resources */ = {isa = PBXBuildFile; fileRef = 8ACFF3FF252B8136007B2FB4 /* MainMenu.xib */; };
		8ACFF40D252B8136007B2FB4 /* CliptubeTests.swift in Sources */ = {isa = PBXBuildFile; fileRef = 8ACFF40C252B8136007B2FB4 /* CliptubeTests.swift */; };
		8ACFF418252B8136007B2FB4 /* CliptubeUITests.swift in Sources */ = {isa = PBXBuildFile; fileRef = 8ACFF417252B8136007B2FB4 /* CliptubeUITests.swift */; };
		8ACFF42D252B840A007B2FB4 /* Youtube.swift in Sources */ = {isa = PBXBuildFile; fileRef = 8ACFF42B252B840A007B2FB4 /* Youtube.swift */; };
		8ACFF42E252B840A007B2FB4 /* PasteboardPublisher.swift in Sources */ = {isa = PBXBuildFile; fileRef = 8ACFF42C252B840A007B2FB4 /* PasteboardPublisher.swift */; };
		8ACFF434252B850B007B2FB4 /* XCDYouTubeKit in Frameworks */ = {isa = PBXBuildFile; productRef = 8ACFF433252B850B007B2FB4 /* XCDYouTubeKit */; };
		8ACFF47C252B8EF9007B2FB4 /* DocumentController.swift in Sources */ = {isa = PBXBuildFile; fileRef = 8ACFF47B252B8EF9007B2FB4 /* DocumentController.swift */; };
		8ACFF481252B9060007B2FB4 /* WindowController.swift in Sources */ = {isa = PBXBuildFile; fileRef = 8ACFF480252B9060007B2FB4 /* WindowController.swift */; };
/* End PBXBuildFile section */

/* Begin PBXContainerItemProxy section */
		8ACFF409252B8136007B2FB4 /* PBXContainerItemProxy */ = {
			isa = PBXContainerItemProxy;
			containerPortal = 8ACFF3EB252B8135007B2FB4 /* Project object */;
			proxyType = 1;
			remoteGlobalIDString = 8ACFF3F2252B8135007B2FB4;
			remoteInfo = Cliptube;
		};
		8ACFF414252B8136007B2FB4 /* PBXContainerItemProxy */ = {
			isa = PBXContainerItemProxy;
			containerPortal = 8ACFF3EB252B8135007B2FB4 /* Project object */;
			proxyType = 1;
			remoteGlobalIDString = 8ACFF3F2252B8135007B2FB4;
			remoteInfo = Cliptube;
		};
/* End PBXContainerItemProxy section */

/* Begin PBXFileReference section */
		8A7D8670252BC12500069CF3 /* README.md */ = {isa = PBXFileReference; lastKnownFileType = net.daringfireball.markdown; path = README.md; sourceTree = "<group>"; };
		8A7D8675252BC13800069CF3 /* AVKit.framework */ = {isa = PBXFileReference; lastKnownFileType = wrapper.framework; name = AVKit.framework; path = System/Library/Frameworks/AVKit.framework; sourceTree = SDKROOT; };
		8ACFF3F3252B8135007B2FB4 /* Cliptube.app */ = {isa = PBXFileReference; explicitFileType = wrapper.application; includeInIndex = 0; path = Cliptube.app; sourceTree = BUILT_PRODUCTS_DIR; };
		8ACFF3F6252B8135007B2FB4 /* AppDelegate.swift */ = {isa = PBXFileReference; lastKnownFileType = sourcecode.swift; path = AppDelegate.swift; sourceTree = "<group>"; };
		8ACFF3F8252B8135007B2FB4 /* Document.swift */ = {isa = PBXFileReference; lastKnownFileType = sourcecode.swift; path = Document.swift; sourceTree = "<group>"; };
		8ACFF3FB252B8135007B2FB4 /* Base */ = {isa = PBXFileReference; lastKnownFileType = file.xib; name = Base; path = Base.lproj/DocumentView.xib; sourceTree = "<group>"; };
		8ACFF3FD252B8136007B2FB4 /* Assets.xcassets */ = {isa = PBXFileReference; lastKnownFileType = folder.assetcatalog; path = Assets.xcassets; sourceTree = "<group>"; };
		8ACFF400252B8136007B2FB4 /* Base */ = {isa = PBXFileReference; lastKnownFileType = file.xib; name = Base; path = Base.lproj/MainMenu.xib; sourceTree = "<group>"; };
		8ACFF402252B8136007B2FB4 /* Info.plist */ = {isa = PBXFileReference; lastKnownFileType = text.plist.xml; path = Info.plist; sourceTree = "<group>"; };
		8ACFF403252B8136007B2FB4 /* Cliptube.entitlements */ = {isa = PBXFileReference; lastKnownFileType = text.plist.entitlements; path = Cliptube.entitlements; sourceTree = "<group>"; };
		8ACFF408252B8136007B2FB4 /* CliptubeTests.xctest */ = {isa = PBXFileReference; explicitFileType = wrapper.cfbundle; includeInIndex = 0; path = CliptubeTests.xctest; sourceTree = BUILT_PRODUCTS_DIR; };
		8ACFF40C252B8136007B2FB4 /* CliptubeTests.swift */ = {isa = PBXFileReference; lastKnownFileType = sourcecode.swift; path = CliptubeTests.swift; sourceTree = "<group>"; };
		8ACFF40E252B8136007B2FB4 /* Info.plist */ = {isa = PBXFileReference; lastKnownFileType = text.plist.xml; path = Info.plist; sourceTree = "<group>"; };
		8ACFF413252B8136007B2FB4 /* CliptubeUITests.xctest */ = {isa = PBXFileReference; explicitFileType = wrapper.cfbundle; includeInIndex = 0; path = CliptubeUITests.xctest; sourceTree = BUILT_PRODUCTS_DIR; };
		8ACFF417252B8136007B2FB4 /* CliptubeUITests.swift */ = {isa = PBXFileReference; lastKnownFileType = sourcecode.swift; path = CliptubeUITests.swift; sourceTree = "<group>"; };
		8ACFF419252B8136007B2FB4 /* Info.plist */ = {isa = PBXFileReference; lastKnownFileType = text.plist.xml; path = Info.plist; sourceTree = "<group>"; };
		8ACFF42B252B840A007B2FB4 /* Youtube.swift */ = {isa = PBXFileReference; fileEncoding = 4; lastKnownFileType = sourcecode.swift; path = Youtube.swift; sourceTree = "<group>"; };
		8ACFF42C252B840A007B2FB4 /* PasteboardPublisher.swift */ = {isa = PBXFileReference; fileEncoding = 4; lastKnownFileType = sourcecode.swift; path = PasteboardPublisher.swift; sourceTree = "<group>"; };
		8ACFF47B252B8EF9007B2FB4 /* DocumentController.swift */ = {isa = PBXFileReference; lastKnownFileType = sourcecode.swift; path = DocumentController.swift; sourceTree = "<group>"; };
		8ACFF480252B9060007B2FB4 /* WindowController.swift */ = {isa = PBXFileReference; lastKnownFileType = sourcecode.swift; path = WindowController.swift; sourceTree = "<group>"; };
/* End PBXFileReference section */

/* Begin PBXFrameworksBuildPhase section */
		8ACFF3F0252B8135007B2FB4 /* Frameworks */ = {
			isa = PBXFrameworksBuildPhase;
			buildActionMask = 2147483647;
			files = (
				8A7D867A252BC14A00069CF3 /* AVKit.framework in Frameworks */,
				8ACFF434252B850B007B2FB4 /* XCDYouTubeKit in Frameworks */,
			);
			runOnlyForDeploymentPostprocessing = 0;
		};
		8ACFF405252B8136007B2FB4 /* Frameworks */ = {
			isa = PBXFrameworksBuildPhase;
			buildActionMask = 2147483647;
			files = (
			);
			runOnlyForDeploymentPostprocessing = 0;
		};
		8ACFF410252B8136007B2FB4 /* Frameworks */ = {
			isa = PBXFrameworksBuildPhase;
			buildActionMask = 2147483647;
			files = (
			);
			runOnlyForDeploymentPostprocessing = 0;
		};
/* End PBXFrameworksBuildPhase section */

/* Begin PBXGroup section */
		8A7D8674252BC13800069CF3 /* Frameworks */ = {
			isa = PBXGroup;
			children = (
				8A7D8675252BC13800069CF3 /* AVKit.framework */,
			);
			name = Frameworks;
			sourceTree = "<group>";
		};
		8ACFF3EA252B8135007B2FB4 = {
			isa = PBXGroup;
			children = (
				8A7D8670252BC12500069CF3 /* README.md */,
				8ACFF3F5252B8135007B2FB4 /* Cliptube */,
				8ACFF40B252B8136007B2FB4 /* CliptubeTests */,
				8ACFF416252B8136007B2FB4 /* CliptubeUITests */,
				8ACFF3F4252B8135007B2FB4 /* Products */,
				8A7D8674252BC13800069CF3 /* Frameworks */,
			);
			sourceTree = "<group>";
		};
		8ACFF3F4252B8135007B2FB4 /* Products */ = {
			isa = PBXGroup;
			children = (
				8ACFF3F3252B8135007B2FB4 /* Cliptube.app */,
				8ACFF408252B8136007B2FB4 /* CliptubeTests.xctest */,
				8ACFF413252B8136007B2FB4 /* CliptubeUITests.xctest */,
			);
			name = Products;
			sourceTree = "<group>";
		};
		8ACFF3F5252B8135007B2FB4 /* Cliptube */ = {
			isa = PBXGroup;
			children = (
				8ACFF3FD252B8136007B2FB4 /* Assets.xcassets */,
				8ACFF402252B8136007B2FB4 /* Info.plist */,
				8ACFF403252B8136007B2FB4 /* Cliptube.entitlements */,
				8ACFF3F6252B8135007B2FB4 /* AppDelegate.swift */,
				8ACFF3FF252B8136007B2FB4 /* MainMenu.xib */,
				8ACFF47B252B8EF9007B2FB4 /* DocumentController.swift */,
				8ACFF3F8252B8135007B2FB4 /* Document.swift */,
				8ACFF480252B9060007B2FB4 /* WindowController.swift */,
				8ACFF3FA252B8135007B2FB4 /* DocumentView.xib */,
				8ACFF42C252B840A007B2FB4 /* PasteboardPublisher.swift */,
				8ACFF42B252B840A007B2FB4 /* Youtube.swift */,
			);
			path = Cliptube;
			sourceTree = "<group>";
		};
		8ACFF40B252B8136007B2FB4 /* CliptubeTests */ = {
			isa = PBXGroup;
			children = (
				8ACFF40C252B8136007B2FB4 /* CliptubeTests.swift */,
				8ACFF40E252B8136007B2FB4 /* Info.plist */,
			);
			path = CliptubeTests;
			sourceTree = "<group>";
		};
		8ACFF416252B8136007B2FB4 /* CliptubeUITests */ = {
			isa = PBXGroup;
			children = (
				8ACFF417252B8136007B2FB4 /* CliptubeUITests.swift */,
				8ACFF419252B8136007B2FB4 /* Info.plist */,
			);
			path = CliptubeUITests;
			sourceTree = "<group>";
		};
/* End PBXGroup section */

/* Begin PBXNativeTarget section */
		8ACFF3F2252B8135007B2FB4 /* Cliptube */ = {
			isa = PBXNativeTarget;
			buildConfigurationList = 8ACFF41C252B8136007B2FB4 /* Build configuration list for PBXNativeTarget "Cliptube" */;
			buildPhases = (
				8ACFF3EF252B8135007B2FB4 /* Sources */,
				8ACFF3F0252B8135007B2FB4 /* Frameworks */,
				8ACFF3F1252B8135007B2FB4 /* Resources */,
			);
			buildRules = (
			);
			dependencies = (
			);
			name = Cliptube;
			packageProductDependencies = (
				8ACFF433252B850B007B2FB4 /* XCDYouTubeKit */,
			);
			productName = Cliptube;
			productReference = 8ACFF3F3252B8135007B2FB4 /* Cliptube.app */;
			productType = "com.apple.product-type.application";
		};
		8ACFF407252B8136007B2FB4 /* CliptubeTests */ = {
			isa = PBXNativeTarget;
			buildConfigurationList = 8ACFF41F252B8136007B2FB4 /* Build configuration list for PBXNativeTarget "CliptubeTests" */;
			buildPhases = (
				8ACFF404252B8136007B2FB4 /* Sources */,
				8ACFF405252B8136007B2FB4 /* Frameworks */,
				8ACFF406252B8136007B2FB4 /* Resources */,
			);
			buildRules = (
			);
			dependencies = (
				8ACFF40A252B8136007B2FB4 /* PBXTargetDependency */,
			);
			name = CliptubeTests;
			productName = CliptubeTests;
			productReference = 8ACFF408252B8136007B2FB4 /* CliptubeTests.xctest */;
			productType = "com.apple.product-type.bundle.unit-test";
		};
		8ACFF412252B8136007B2FB4 /* CliptubeUITests */ = {
			isa = PBXNativeTarget;
			buildConfigurationList = 8ACFF422252B8136007B2FB4 /* Build configuration list for PBXNativeTarget "CliptubeUITests" */;
			buildPhases = (
				8ACFF40F252B8136007B2FB4 /* Sources */,
				8ACFF410252B8136007B2FB4 /* Frameworks */,
				8ACFF411252B8136007B2FB4 /* Resources */,
			);
			buildRules = (
			);
			dependencies = (
				8ACFF415252B8136007B2FB4 /* PBXTargetDependency */,
			);
			name = CliptubeUITests;
			productName = CliptubeUITests;
			productReference = 8ACFF413252B8136007B2FB4 /* CliptubeUITests.xctest */;
			productType = "com.apple.product-type.bundle.ui-testing";
		};
/* End PBXNativeTarget section */

/* Begin PBXProject section */
		8ACFF3EB252B8135007B2FB4 /* Project object */ = {
			isa = PBXProject;
			attributes = {
				LastSwiftUpdateCheck = 1200;
				LastUpgradeCheck = 1200;
				TargetAttributes = {
					8ACFF3F2252B8135007B2FB4 = {
						CreatedOnToolsVersion = 12.0.1;
					};
					8ACFF407252B8136007B2FB4 = {
						CreatedOnToolsVersion = 12.0.1;
						TestTargetID = 8ACFF3F2252B8135007B2FB4;
					};
					8ACFF412252B8136007B2FB4 = {
						CreatedOnToolsVersion = 12.0.1;
						TestTargetID = 8ACFF3F2252B8135007B2FB4;
					};
				};
			};
			buildConfigurationList = 8ACFF3EE252B8135007B2FB4 /* Build configuration list for PBXProject "Cliptube" */;
			compatibilityVersion = "Xcode 9.3";
			developmentRegion = en;
			hasScannedForEncodings = 0;
			knownRegions = (
				en,
				Base,
			);
			mainGroup = 8ACFF3EA252B8135007B2FB4;
			packageReferences = (
				8ACFF432252B850B007B2FB4 /* XCRemoteSwiftPackageReference "XCDYouTubeKit" */,
			);
			productRefGroup = 8ACFF3F4252B8135007B2FB4 /* Products */;
			projectDirPath = "";
			projectRoot = "";
			targets = (
				8ACFF3F2252B8135007B2FB4 /* Cliptube */,
				8ACFF407252B8136007B2FB4 /* CliptubeTests */,
				8ACFF412252B8136007B2FB4 /* CliptubeUITests */,
			);
		};
/* End PBXProject section */

/* Begin PBXResourcesBuildPhase section */
		8ACFF3F1252B8135007B2FB4 /* Resources */ = {
			isa = PBXResourcesBuildPhase;
			buildActionMask = 2147483647;
			files = (
				8ACFF3FE252B8136007B2FB4 /* Assets.xcassets in Resources */,
				8ACFF3FC252B8135007B2FB4 /* DocumentView.xib in Resources */,
				8ACFF401252B8136007B2FB4 /* MainMenu.xib in Resources */,
			);
			runOnlyForDeploymentPostprocessing = 0;
		};
		8ACFF406252B8136007B2FB4 /* Resources */ = {
			isa = PBXResourcesBuildPhase;
			buildActionMask = 2147483647;
			files = (
			);
			runOnlyForDeploymentPostprocessing = 0;
		};
		8ACFF411252B8136007B2FB4 /* Resources */ = {
			isa = PBXResourcesBuildPhase;
			buildActionMask = 2147483647;
			files = (
			);
			runOnlyForDeploymentPostprocessing = 0;
		};
/* End PBXResourcesBuildPhase section */

/* Begin PBXSourcesBuildPhase section */
		8ACFF3EF252B8135007B2FB4 /* Sources */ = {
			isa = PBXSourcesBuildPhase;
			buildActionMask = 2147483647;
			files = (
				8ACFF42D252B840A007B2FB4 /* Youtube.swift in Sources */,
				8ACFF481252B9060007B2FB4 /* WindowController.swift in Sources */,
				8ACFF3F9252B8135007B2FB4 /* Document.swift in Sources */,
				8ACFF3F7252B8135007B2FB4 /* AppDelegate.swift in Sources */,
				8ACFF47C252B8EF9007B2FB4 /* DocumentController.swift in Sources */,
				8ACFF42E252B840A007B2FB4 /* PasteboardPublisher.swift in Sources */,
			);
			runOnlyForDeploymentPostprocessing = 0;
		};
		8ACFF404252B8136007B2FB4 /* Sources */ = {
			isa = PBXSourcesBuildPhase;
			buildActionMask = 2147483647;
			files = (
				8ACFF40D252B8136007B2FB4 /* CliptubeTests.swift in Sources */,
			);
			runOnlyForDeploymentPostprocessing = 0;
		};
		8ACFF40F252B8136007B2FB4 /* Sources */ = {
			isa = PBXSourcesBuildPhase;
			buildActionMask = 2147483647;
			files = (
				8ACFF418252B8136007B2FB4 /* CliptubeUITests.swift in Sources */,
			);
			runOnlyForDeploymentPostprocessing = 0;
		};
/* End PBXSourcesBuildPhase section */

/* Begin PBXTargetDependency section */
		8ACFF40A252B8136007B2FB4 /* PBXTargetDependency */ = {
			isa = PBXTargetDependency;
			target = 8ACFF3F2252B8135007B2FB4 /* Cliptube */;
			targetProxy = 8ACFF409252B8136007B2FB4 /* PBXContainerItemProxy */;
		};
		8ACFF415252B8136007B2FB4 /* PBXTargetDependency */ = {
			isa = PBXTargetDependency;
			target = 8ACFF3F2252B8135007B2FB4 /* Cliptube */;
			targetProxy = 8ACFF414252B8136007B2FB4 /* PBXContainerItemProxy */;
		};
/* End PBXTargetDependency section */

/* Begin PBXVariantGroup section */
		8ACFF3FA252B8135007B2FB4 /* DocumentView.xib */ = {
			isa = PBXVariantGroup;
			children = (
				8ACFF3FB252B8135007B2FB4 /* Base */,
			);
			name = DocumentView.xib;
			sourceTree = "<group>";
		};
		8ACFF3FF252B8136007B2FB4 /* MainMenu.xib */ = {
			isa = PBXVariantGroup;
			children = (
				8ACFF400252B8136007B2FB4 /* Base */,
			);
			name = MainMenu.xib;
			sourceTree = "<group>";
		};
/* End PBXVariantGroup section */

/* Begin XCBuildConfiguration section */
		8ACFF41A252B8136007B2FB4 /* Debug */ = {
			isa = XCBuildConfiguration;
			buildSettings = {
				ALWAYS_SEARCH_USER_PATHS = NO;
				CLANG_ANALYZER_NONNULL = YES;
				CLANG_ANALYZER_NUMBER_OBJECT_CONVERSION = YES_AGGRESSIVE;
				CLANG_CXX_LANGUAGE_STANDARD = "gnu++14";
				CLANG_CXX_LIBRARY = "libc++";
				CLANG_ENABLE_MODULES = YES;
				CLANG_ENABLE_OBJC_ARC = YES;
				CLANG_ENABLE_OBJC_WEAK = YES;
				CLANG_WARN_BLOCK_CAPTURE_AUTORELEASING = YES;
				CLANG_WARN_BOOL_CONVERSION = YES;
				CLANG_WARN_COMMA = YES;
				CLANG_WARN_CONSTANT_CONVERSION = YES;
				CLANG_WARN_DEPRECATED_OBJC_IMPLEMENTATIONS = YES;
				CLANG_WARN_DIRECT_OBJC_ISA_USAGE = YES_ERROR;
				CLANG_WARN_DOCUMENTATION_COMMENTS = YES;
				CLANG_WARN_EMPTY_BODY = YES;
				CLANG_WARN_ENUM_CONVERSION = YES;
				CLANG_WARN_INFINITE_RECURSION = YES;
				CLANG_WARN_INT_CONVERSION = YES;
				CLANG_WARN_NON_LITERAL_NULL_CONVERSION = YES;
				CLANG_WARN_OBJC_IMPLICIT_RETAIN_SELF = YES;
				CLANG_WARN_OBJC_LITERAL_CONVERSION = YES;
				CLANG_WARN_OBJC_ROOT_CLASS = YES_ERROR;
				CLANG_WARN_QUOTED_INCLUDE_IN_FRAMEWORK_HEADER = YES;
				CLANG_WARN_RANGE_LOOP_ANALYSIS = YES;
				CLANG_WARN_STRICT_PROTOTYPES = YES;
				CLANG_WARN_SUSPICIOUS_MOVE = YES;
				CLANG_WARN_UNGUARDED_AVAILABILITY = YES_AGGRESSIVE;
				CLANG_WARN_UNREACHABLE_CODE = YES;
				CLANG_WARN__DUPLICATE_METHOD_MATCH = YES;
				COPY_PHASE_STRIP = NO;
				DEBUG_INFORMATION_FORMAT = dwarf;
				ENABLE_STRICT_OBJC_MSGSEND = YES;
				ENABLE_TESTABILITY = YES;
				GCC_C_LANGUAGE_STANDARD = gnu11;
				GCC_DYNAMIC_NO_PIC = NO;
				GCC_NO_COMMON_BLOCKS = YES;
				GCC_OPTIMIZATION_LEVEL = 0;
				GCC_PREPROCESSOR_DEFINITIONS = (
					"DEBUG=1",
					"$(inherited)",
				);
				GCC_WARN_64_TO_32_BIT_CONVERSION = YES;
				GCC_WARN_ABOUT_RETURN_TYPE = YES_ERROR;
				GCC_WARN_UNDECLARED_SELECTOR = YES;
				GCC_WARN_UNINITIALIZED_AUTOS = YES_AGGRESSIVE;
				GCC_WARN_UNUSED_FUNCTION = YES;
				GCC_WARN_UNUSED_VARIABLE = YES;
				MACOSX_DEPLOYMENT_TARGET = 10.15;
				MTL_ENABLE_DEBUG_INFO = INCLUDE_SOURCE;
				MTL_FAST_MATH = YES;
				ONLY_ACTIVE_ARCH = YES;
				SDKROOT = macosx;
				SWIFT_ACTIVE_COMPILATION_CONDITIONS = DEBUG;
				SWIFT_OPTIMIZATION_LEVEL = "-Onone";
			};
			name = Debug;
		};
		8ACFF41B252B8136007B2FB4 /* Release */ = {
			isa = XCBuildConfiguration;
			buildSettings = {
				ALWAYS_SEARCH_USER_PATHS = NO;
				CLANG_ANALYZER_NONNULL = YES;
				CLANG_ANALYZER_NUMBER_OBJECT_CONVERSION = YES_AGGRESSIVE;
				CLANG_CXX_LANGUAGE_STANDARD = "gnu++14";
				CLANG_CXX_LIBRARY = "libc++";
				CLANG_ENABLE_MODULES = YES;
				CLANG_ENABLE_OBJC_ARC = YES;
				CLANG_ENABLE_OBJC_WEAK = YES;
				CLANG_WARN_BLOCK_CAPTURE_AUTORELEASING = YES;
				CLANG_WARN_BOOL_CONVERSION = YES;
				CLANG_WARN_COMMA = YES;
				CLANG_WARN_CONSTANT_CONVERSION = YES;
				CLANG_WARN_DEPRECATED_OBJC_IMPLEMENTATIONS = YES;
				CLANG_WARN_DIRECT_OBJC_ISA_USAGE = YES_ERROR;
				CLANG_WARN_DOCUMENTATION_COMMENTS = YES;
				CLANG_WARN_EMPTY_BODY = YES;
				CLANG_WARN_ENUM_CONVERSION = YES;
				CLANG_WARN_INFINITE_RECURSION = YES;
				CLANG_WARN_INT_CONVERSION = YES;
				CLANG_WARN_NON_LITERAL_NULL_CONVERSION = YES;
				CLANG_WARN_OBJC_IMPLICIT_RETAIN_SELF = YES;
				CLANG_WARN_OBJC_LITERAL_CONVERSION = YES;
				CLANG_WARN_OBJC_ROOT_CLASS = YES_ERROR;
				CLANG_WARN_QUOTED_INCLUDE_IN_FRAMEWORK_HEADER = YES;
				CLANG_WARN_RANGE_LOOP_ANALYSIS = YES;
				CLANG_WARN_STRICT_PROTOTYPES = YES;
				CLANG_WARN_SUSPICIOUS_MOVE = YES;
				CLANG_WARN_UNGUARDED_AVAILABILITY = YES_AGGRESSIVE;
				CLANG_WARN_UNREACHABLE_CODE = YES;
				CLANG_WARN__DUPLICATE_METHOD_MATCH = YES;
				COPY_PHASE_STRIP = NO;
				DEBUG_INFORMATION_FORMAT = "dwarf-with-dsym";
				ENABLE_NS_ASSERTIONS = NO;
				ENABLE_STRICT_OBJC_MSGSEND = YES;
				GCC_C_LANGUAGE_STANDARD = gnu11;
				GCC_NO_COMMON_BLOCKS = YES;
				GCC_WARN_64_TO_32_BIT_CONVERSION = YES;
				GCC_WARN_ABOUT_RETURN_TYPE = YES_ERROR;
				GCC_WARN_UNDECLARED_SELECTOR = YES;
				GCC_WARN_UNINITIALIZED_AUTOS = YES_AGGRESSIVE;
				GCC_WARN_UNUSED_FUNCTION = YES;
				GCC_WARN_UNUSED_VARIABLE = YES;
				MACOSX_DEPLOYMENT_TARGET = 10.15;
				MTL_ENABLE_DEBUG_INFO = NO;
				MTL_FAST_MATH = YES;
				SDKROOT = macosx;
				SWIFT_COMPILATION_MODE = wholemodule;
				SWIFT_OPTIMIZATION_LEVEL = "-O";
			};
			name = Release;
		};
		8ACFF41D252B8136007B2FB4 /* Debug */ = {
			isa = XCBuildConfiguration;
			buildSettings = {
				ASSETCATALOG_COMPILER_APPICON_NAME = AppIcon;
				ASSETCATALOG_COMPILER_GLOBAL_ACCENT_COLOR_NAME = AccentColor;
				CODE_SIGN_ENTITLEMENTS = Cliptube/Cliptube.entitlements;
				CODE_SIGN_STYLE = Automatic;
				COMBINE_HIDPI_IMAGES = YES;
				DEVELOPMENT_TEAM = 785W67QY73;
				ENABLE_HARDENED_RUNTIME = YES;
				INFOPLIST_FILE = Cliptube/Info.plist;
				LD_RUNPATH_SEARCH_PATHS = (
					"$(inherited)",
					"@executable_path/../Frameworks",
				);
				PRODUCT_BUNDLE_IDENTIFIER = de.maven.Cliptube;
				PRODUCT_NAME = "$(TARGET_NAME)";
				SWIFT_VERSION = 5.0;
			};
			name = Debug;
		};
		8ACFF41E252B8136007B2FB4 /* Release */ = {
			isa = XCBuildConfiguration;
			buildSettings = {
				ASSETCATALOG_COMPILER_APPICON_NAME = AppIcon;
				ASSETCATALOG_COMPILER_GLOBAL_ACCENT_COLOR_NAME = AccentColor;
				CODE_SIGN_ENTITLEMENTS = Cliptube/Cliptube.entitlements;
				CODE_SIGN_STYLE = Automatic;
				COMBINE_HIDPI_IMAGES = YES;
				DEVELOPMENT_TEAM = 785W67QY73;
				ENABLE_HARDENED_RUNTIME = YES;
				INFOPLIST_FILE = Cliptube/Info.plist;
				LD_RUNPATH_SEARCH_PATHS = (
					"$(inherited)",
					"@executable_path/../Frameworks",
				);
				PRODUCT_BUNDLE_IDENTIFIER = de.maven.Cliptube;
				PRODUCT_NAME = "$(TARGET_NAME)";
				SWIFT_VERSION = 5.0;
			};
			name = Release;
		};
		8ACFF420252B8136007B2FB4 /* Debug */ = {
			isa = XCBuildConfiguration;
			buildSettings = {
				ALWAYS_EMBED_SWIFT_STANDARD_LIBRARIES = YES;
				BUNDLE_LOADER = "$(TEST_HOST)";
				CODE_SIGN_STYLE = Automatic;
				COMBINE_HIDPI_IMAGES = YES;
				DEVELOPMENT_TEAM = 785W67QY73;
				INFOPLIST_FILE = CliptubeTests/Info.plist;
				LD_RUNPATH_SEARCH_PATHS = (
					"$(inherited)",
					"@executable_path/../Frameworks",
					"@loader_path/../Frameworks",
				);
				MACOSX_DEPLOYMENT_TARGET = 10.15;
				PRODUCT_BUNDLE_IDENTIFIER = de.maven.CliptubeTests;
				PRODUCT_NAME = "$(TARGET_NAME)";
				SWIFT_VERSION = 5.0;
				TEST_HOST = "$(BUILT_PRODUCTS_DIR)/Cliptube.app/Contents/MacOS/Cliptube";
			};
			name = Debug;
		};
		8ACFF421252B8136007B2FB4 /* Release */ = {
			isa = XCBuildConfiguration;
			buildSettings = {
				ALWAYS_EMBED_SWIFT_STANDARD_LIBRARIES = YES;
				BUNDLE_LOADER = "$(TEST_HOST)";
				CODE_SIGN_STYLE = Automatic;
				COMBINE_HIDPI_IMAGES = YES;
				DEVELOPMENT_TEAM = 785W67QY73;
				INFOPLIST_FILE = CliptubeTests/Info.plist;
				LD_RUNPATH_SEARCH_PATHS = (
					"$(inherited)",
					"@executable_path/../Frameworks",
					"@loader_path/../Frameworks",
				);
				MACOSX_DEPLOYMENT_TARGET = 10.15;
				PRODUCT_BUNDLE_IDENTIFIER = de.maven.CliptubeTests;
				PRODUCT_NAME = "$(TARGET_NAME)";
				SWIFT_VERSION = 5.0;
				TEST_HOST = "$(BUILT_PRODUCTS_DIR)/Cliptube.app/Contents/MacOS/Cliptube";
			};
			name = Release;
		};
		8ACFF423252B8136007B2FB4 /* Debug */ = {
			isa = XCBuildConfiguration;
			buildSettings = {
				ALWAYS_EMBED_SWIFT_STANDARD_LIBRARIES = YES;
				CODE_SIGN_STYLE = Automatic;
				COMBINE_HIDPI_IMAGES = YES;
				DEVELOPMENT_TEAM = 785W67QY73;
				INFOPLIST_FILE = CliptubeUITests/Info.plist;
				LD_RUNPATH_SEARCH_PATHS = (
					"$(inherited)",
					"@executable_path/../Frameworks",
					"@loader_path/../Frameworks",
				);
				PRODUCT_BUNDLE_IDENTIFIER = de.maven.CliptubeUITests;
				PRODUCT_NAME = "$(TARGET_NAME)";
				SWIFT_VERSION = 5.0;
				TEST_TARGET_NAME = Cliptube;
			};
			name = Debug;
		};
		8ACFF424252B8136007B2FB4 /* Release */ = {
			isa = XCBuildConfiguration;
			buildSettings = {
				ALWAYS_EMBED_SWIFT_STANDARD_LIBRARIES = YES;
				CODE_SIGN_STYLE = Automatic;
				COMBINE_HIDPI_IMAGES = YES;
				DEVELOPMENT_TEAM = 785W67QY73;
				INFOPLIST_FILE = CliptubeUITests/Info.plist;
				LD_RUNPATH_SEARCH_PATHS = (
					"$(inherited)",
					"@executable_path/../Frameworks",
					"@loader_path/../Frameworks",
				);
				PRODUCT_BUNDLE_IDENTIFIER = de.maven.CliptubeUITests;
				PRODUCT_NAME = "$(TARGET_NAME)";
				SWIFT_VERSION = 5.0;
				TEST_TARGET_NAME = Cliptube;
			};
			name = Release;
		};
/* End XCBuildConfiguration section */

/* Begin XCConfigurationList section */
		8ACFF3EE252B8135007B2FB4 /* Build configuration list for PBXProject "Cliptube" */ = {
			isa = XCConfigurationList;
			buildConfigurations = (
				8ACFF41A252B8136007B2FB4 /* Debug */,
				8ACFF41B252B8136007B2FB4 /* Release */,
			);
			defaultConfigurationIsVisible = 0;
			defaultConfigurationName = Release;
		};
		8ACFF41C252B8136007B2FB4 /* Build configuration list for PBXNativeTarget "Cliptube" */ = {
			isa = XCConfigurationList;
			buildConfigurations = (
				8ACFF41D252B8136007B2FB4 /* Debug */,
				8ACFF41E252B8136007B2FB4 /* Release */,
			);
			defaultConfigurationIsVisible = 0;
			defaultConfigurationName = Release;
		};
		8ACFF41F252B8136007B2FB4 /* Build configuration list for PBXNativeTarget "CliptubeTests" */ = {
			isa = XCConfigurationList;
			buildConfigurations = (
				8ACFF420252B8136007B2FB4 /* Debug */,
				8ACFF421252B8136007B2FB4 /* Release */,
			);
			defaultConfigurationIsVisible = 0;
			defaultConfigurationName = Release;
		};
		8ACFF422252B8136007B2FB4 /* Build configuration list for PBXNativeTarget "CliptubeUITests" */ = {
			isa = XCConfigurationList;
			buildConfigurations = (
				8ACFF423252B8136007B2FB4 /* Debug */,
				8ACFF424252B8136007B2FB4 /* Release */,
			);
			defaultConfigurationIsVisible = 0;
			defaultConfigurationName = Release;
		};
/* End XCConfigurationList section */

/* Begin XCRemoteSwiftPackageReference section */
		8ACFF432252B850B007B2FB4 /* XCRemoteSwiftPackageReference "XCDYouTubeKit" */ = {
			isa = XCRemoteSwiftPackageReference;
			repositoryURL = "https://github.com/0xced/XCDYouTubeKit.git";
			requirement = {
				kind = upToNextMajorVersion;
				minimumVersion = 2.14.1;
			};
		};
/* End XCRemoteSwiftPackageReference section */

/* Begin XCSwiftPackageProductDependency section */
		8ACFF433252B850B007B2FB4 /* XCDYouTubeKit */ = {
			isa = XCSwiftPackageProductDependency;
			package = 8ACFF432252B850B007B2FB4 /* XCRemoteSwiftPackageReference "XCDYouTubeKit" */;
			productName = XCDYouTubeKit;
		};
/* End XCSwiftPackageProductDependency section */
	};
	rootObject = 8ACFF3EB252B8135007B2FB4 /* Project object */;
}
